
<Solution>
  <Project Path="AppHost/AppHost.csproj" />
  <Project Path="HybridSearch/HybridSearch.csproj" />
  <Project Path="ServiceDefaults/ServiceDefaults.csproj" />
  <Properties>
    <Property Name="Configuration|Platform" Value="Debug|Any CPU" />
  </Properties>
  <ItemDefinitionGroup>
    <SolutionConfiguration Include="Debug|Any CPU" />
    <SolutionConfiguration Include="Release|Any CPU" />
  </ItemDefinitionGroup>
</Solution>
