Microsoft Visual Studio Solution File, Format Version 12.00
# Visual Studio Version 17
VisualStudioVersion = 17.5.2.0
MinimumVisualStudioVersion = 10.0.40219.1
Project("{FAE04EC0-301F-11D3-BF4B-00C04F79EFBC}") = "HydeSearch", "HydeSearch.csproj", "{D4AE1402-CF2D-0819-BE0E-5C0375FEE381}"
EndProject
Global
	GlobalSection(SolutionConfigurationPlatforms) = preSolution
		Debug|Any CPU = Debug|Any CPU
		Release|Any CPU = Release|Any CPU
	EndGlobalSection
	GlobalSection(ProjectConfigurationPlatforms) = postSolution
		{D4AE1402-CF2D-0819-BE0E-5C0375FEE381}.Debug|Any CPU.ActiveCfg = Debug|Any CPU
		{D4AE1402-CF2D-0819-BE0E-5C0375FEE381}.Debug|Any CPU.Build.0 = Debug|Any CPU
		{D4AE1402-CF2D-0819-BE0E-5C0375FEE381}.Release|Any CPU.ActiveCfg = Release|Any CPU
		{D4AE1402-CF2D-0819-BE0E-5C0375FEE381}.Release|Any CPU.Build.0 = Release|Any CPU
	EndGlobalSection
	GlobalSection(SolutionProperties) = preSolution
		HideSolutionNode = FALSE
	EndGlobalSection
	GlobalSection(ExtensibilityGlobals) = postSolution
		SolutionGuid = {E6E5FAD9-5769-4CDE-B535-D787B4BFE724}
	EndGlobalSection
EndGlobal
